
Microsoft Visual Studio Solution File, Format Version 12.00
# Visual Studio Version 16
VisualStudioVersion = 16.0.29020.237
MinimumVisualStudioVersion = 10.0.40219.1
Project("{FAE04EC0-301F-11D3-BF4B-00C04F79EFBC}") = "WebPushExample", "WebPushExample\WebPushExample.csproj", "{8D47A9AC-8D0D-49C6-A0CF-41B8CB6E7352}"
EndProject
Global
	GlobalSection(SolutionConfigurationPlatforms) = preSolution
		Debug|Any CPU = Debug|Any CPU
		Release|Any CPU = Release|Any CPU
	EndGlobalSection
	GlobalSection(ProjectConfigurationPlatforms) = postSolution
		{8D47A9AC-8D0D-49C6-A0CF-41B8CB6E7352}.Debug|Any CPU.ActiveCfg = Debug|Any CPU
		{8D47A9AC-8D0D-49C6-A0CF-41B8CB6E7352}.Debug|Any CPU.Build.0 = Debug|Any CPU
		{8D47A9AC-8D0D-49C6-A0CF-41B8CB6E7352}.Release|Any CPU.ActiveCfg = Release|Any CPU
		{8D47A9AC-8D0D-49C6-A0CF-41B8CB6E7352}.Release|Any CPU.Build.0 = Release|Any CPU
	EndGlobalSection
	GlobalSection(SolutionProperties) = preSolution
		HideSolutionNode = FALSE
	EndGlobalSection
	GlobalSection(ExtensibilityGlobals) = postSolution
		SolutionGuid = {04979864-757E-4D70-9C0A-4467B5E5F084}
	EndGlobalSection
EndGlobal
